
Microsoft Visual Studio Solution File, Format Version 12.00
# Visual Studio Version 16
VisualStudioVersion = 16.0.29306.81
MinimumVisualStudioVersion = 10.0.40219.1
Project("{FAE04EC0-301F-11D3-BF4B-00C04F79EFBC}") = "twoNums", "twoNums.csproj", "{2A23DB5C-96F4-4C4E-B142-EE918497A7B6}"
EndProject
Global
	GlobalSection(SolutionConfigurationPlatforms) = preSolution
		Debug|Any CPU = Debug|Any CPU
		Release|Any CPU = Release|Any CPU
	EndGlobalSection
	GlobalSection(ProjectConfigurationPlatforms) = postSolution
		{2A23DB5C-96F4-4C4E-B142-EE918497A7B6}.Debug|Any CPU.ActiveCfg = Debug|Any CPU
		{2A23DB5C-96F4-4C4E-B142-EE918497A7B6}.Debug|Any CPU.Build.0 = Debug|Any CPU
		{2A23DB5C-96F4-4C4E-B142-EE918497A7B6}.Release|Any CPU.ActiveCfg = Release|Any CPU
		{2A23DB5C-96F4-4C4E-B142-EE918497A7B6}.Release|Any CPU.Build.0 = Release|Any CPU
	EndGlobalSection
	GlobalSection(SolutionProperties) = preSolution
		HideSolutionNode = FALSE
	EndGlobalSection
	GlobalSection(ExtensibilityGlobals) = postSolution
		SolutionGuid = {F0D4BBEB-3969-4F6A-A436-A626FD4AF0D4}
	EndGlobalSection
EndGlobal
