
Microsoft Visual Studio Solution File, Format Version 12.00
# Visual Studio Version 16
VisualStudioVersion = 16.0.29409.12
MinimumVisualStudioVersion = 10.0.40219.1
Project("{FAE04EC0-301F-11D3-BF4B-00C04F79EFBC}") = "employeeInherit", "employeeInherit.csproj", "{230D9C9B-88BC-4FDD-BC06-B4CF547D9ECE}"
EndProject
Global
	GlobalSection(SolutionConfigurationPlatforms) = preSolution
		Debug|Any CPU = Debug|Any CPU
		Release|Any CPU = Release|Any CPU
	EndGlobalSection
	GlobalSection(ProjectConfigurationPlatforms) = postSolution
		{230D9C9B-88BC-4FDD-BC06-B4CF547D9ECE}.Debug|Any CPU.ActiveCfg = Debug|Any CPU
		{230D9C9B-88BC-4FDD-BC06-B4CF547D9ECE}.Debug|Any CPU.Build.0 = Debug|Any CPU
		{230D9C9B-88BC-4FDD-BC06-B4CF547D9ECE}.Release|Any CPU.ActiveCfg = Release|Any CPU
		{230D9C9B-88BC-4FDD-BC06-B4CF547D9ECE}.Release|Any CPU.Build.0 = Release|Any CPU
	EndGlobalSection
	GlobalSection(SolutionProperties) = preSolution
		HideSolutionNode = FALSE
	EndGlobalSection
	GlobalSection(ExtensibilityGlobals) = postSolution
		SolutionGuid = {343EE614-6217-42CF-BBDC-925E934FABB0}
	EndGlobalSection
EndGlobal
