
Microsoft Visual Studio Solution File, Format Version 12.00
# Visual Studio Version 16
VisualStudioVersion = 16.0.29409.12
MinimumVisualStudioVersion = 10.0.40219.1
Project("{FAE04EC0-301F-11D3-BF4B-00C04F79EFBC}") = "tryCatchProject", "tryCatchProject.csproj", "{C2D36DCE-9AF9-405D-A47A-DA9E1A17C17F}"
EndProject
Global
	GlobalSection(SolutionConfigurationPlatforms) = preSolution
		Debug|Any CPU = Debug|Any CPU
		Release|Any CPU = Release|Any CPU
	EndGlobalSection
	GlobalSection(ProjectConfigurationPlatforms) = postSolution
		{C2D36DCE-9AF9-405D-A47A-DA9E1A17C17F}.Debug|Any CPU.ActiveCfg = Debug|Any CPU
		{C2D36DCE-9AF9-405D-A47A-DA9E1A17C17F}.Debug|Any CPU.Build.0 = Debug|Any CPU
		{C2D36DCE-9AF9-405D-A47A-DA9E1A17C17F}.Release|Any CPU.ActiveCfg = Release|Any CPU
		{C2D36DCE-9AF9-405D-A47A-DA9E1A17C17F}.Release|Any CPU.Build.0 = Release|Any CPU
	EndGlobalSection
	GlobalSection(SolutionProperties) = preSolution
		HideSolutionNode = FALSE
	EndGlobalSection
	GlobalSection(ExtensibilityGlobals) = postSolution
		SolutionGuid = {31BF8ECB-1803-439E-81B0-ADD2B2752B35}
	EndGlobalSection
EndGlobal
