
Microsoft Visual Studio Solution File, Format Version 12.00
# Visual Studio Version 16
VisualStudioVersion = 16.0.29409.12
MinimumVisualStudioVersion = 10.0.40219.1
Project("{FAE04EC0-301F-11D3-BF4B-00C04F79EFBC}") = "opitonalInput", "opitonalInput.csproj", "{743D2A8F-E10E-4C11-B0A6-17D49DE5913E}"
EndProject
Global
	GlobalSection(SolutionConfigurationPlatforms) = preSolution
		Debug|Any CPU = Debug|Any CPU
		Release|Any CPU = Release|Any CPU
	EndGlobalSection
	GlobalSection(ProjectConfigurationPlatforms) = postSolution
		{743D2A8F-E10E-4C11-B0A6-17D49DE5913E}.Debug|Any CPU.ActiveCfg = Debug|Any CPU
		{743D2A8F-E10E-4C11-B0A6-17D49DE5913E}.Debug|Any CPU.Build.0 = Debug|Any CPU
		{743D2A8F-E10E-4C11-B0A6-17D49DE5913E}.Release|Any CPU.ActiveCfg = Release|Any CPU
		{743D2A8F-E10E-4C11-B0A6-17D49DE5913E}.Release|Any CPU.Build.0 = Release|Any CPU
	EndGlobalSection
	GlobalSection(SolutionProperties) = preSolution
		HideSolutionNode = FALSE
	EndGlobalSection
	GlobalSection(ExtensibilityGlobals) = postSolution
		SolutionGuid = {2E7FEFF7-8E34-47F4-AABF-772F12DACB6D}
	EndGlobalSection
EndGlobal
