
Microsoft Visual Studio Solution File, Format Version 12.00
# Visual Studio Version 16
VisualStudioVersion = 16.0.29306.81
MinimumVisualStudioVersion = 10.0.40219.1
Project("{FAE04EC0-301F-11D3-BF4B-00C04F79EFBC}") = "Iteration", "Iteration.csproj", "{F739CD0C-EFB6-40D9-9257-9F354EB74907}"
EndProject
Global
	GlobalSection(SolutionConfigurationPlatforms) = preSolution
		Debug|Any CPU = Debug|Any CPU
		Release|Any CPU = Release|Any CPU
	EndGlobalSection
	GlobalSection(ProjectConfigurationPlatforms) = postSolution
		{F739CD0C-EFB6-40D9-9257-9F354EB74907}.Debug|Any CPU.ActiveCfg = Debug|Any CPU
		{F739CD0C-EFB6-40D9-9257-9F354EB74907}.Debug|Any CPU.Build.0 = Debug|Any CPU
		{F739CD0C-EFB6-40D9-9257-9F354EB74907}.Release|Any CPU.ActiveCfg = Release|Any CPU
		{F739CD0C-EFB6-40D9-9257-9F354EB74907}.Release|Any CPU.Build.0 = Release|Any CPU
	EndGlobalSection
	GlobalSection(SolutionProperties) = preSolution
		HideSolutionNode = FALSE
	EndGlobalSection
	GlobalSection(ExtensibilityGlobals) = postSolution
		SolutionGuid = {CDFAA2A9-47E5-4F06-A1E7-C27BC640B2AB}
	EndGlobalSection
EndGlobal
