
Microsoft Visual Studio Solution File, Format Version 12.00
# Visual Studio Version 16
VisualStudioVersion = 16.0.29409.12
MinimumVisualStudioVersion = 10.0.40219.1
Project("{FAE04EC0-301F-11D3-BF4B-00C04F79EFBC}") = "MVCExample", "MVCExample.csproj", "{D0F7BF1F-AF13-4675-A870-9F5B8C54198B}"
EndProject
Global
	GlobalSection(SolutionConfigurationPlatforms) = preSolution
		Debug|Any CPU = Debug|Any CPU
		Release|Any CPU = Release|Any CPU
	EndGlobalSection
	GlobalSection(ProjectConfigurationPlatforms) = postSolution
		{D0F7BF1F-AF13-4675-A870-9F5B8C54198B}.Debug|Any CPU.ActiveCfg = Debug|Any CPU
		{D0F7BF1F-AF13-4675-A870-9F5B8C54198B}.Debug|Any CPU.Build.0 = Debug|Any CPU
		{D0F7BF1F-AF13-4675-A870-9F5B8C54198B}.Release|Any CPU.ActiveCfg = Release|Any CPU
		{D0F7BF1F-AF13-4675-A870-9F5B8C54198B}.Release|Any CPU.Build.0 = Release|Any CPU
	EndGlobalSection
	GlobalSection(SolutionProperties) = preSolution
		HideSolutionNode = FALSE
	EndGlobalSection
	GlobalSection(ExtensibilityGlobals) = postSolution
		SolutionGuid = {EADBD50B-2911-45C7-829C-0769C5247597}
	EndGlobalSection
EndGlobal
